
Microsoft Visual Studio Solution File, Format Version 12.00
# Visual Studio Version 17
VisualStudioVersion = 17.11.35327.3
MinimumVisualStudioVersion = 10.0.40219.1
Project("{FAE04EC0-301F-11D3-BF4B-00C04F79EFBC}") = "PharmacyManagement", "PharmacyManagement.csproj", "{D6EC1749-1304-4786-85B7-B51171B207E2}"
EndProject
Project("{FAE04EC0-301F-11D3-BF4B-00C04F79EFBC}") = "PharmacyManagement.Tests", "PharmacyManagement.Tests\PharmacyManagement.Tests.csproj", "{F3DC72C6-48DB-41E4-9318-5EFC607D8C9A}"
EndProject
Global
	GlobalSection(SolutionConfigurationPlatforms) = preSolution
		Debug|Any CPU = Debug|Any CPU
		Release|Any CPU = Release|Any CPU
	EndGlobalSection
	GlobalSection(ProjectConfigurationPlatforms) = postSolution
		{D6EC1749-1304-4786-85B7-B51171B207E2}.Debug|Any CPU.ActiveCfg = Debug|Any CPU
		{D6EC1749-1304-4786-85B7-B51171B207E2}.Debug|Any CPU.Build.0 = Debug|Any CPU
		{D6EC1749-1304-4786-85B7-B51171B207E2}.Release|Any CPU.ActiveCfg = Release|Any CPU
		{D6EC1749-1304-4786-85B7-B51171B207E2}.Release|Any CPU.Build.0 = Release|Any CPU
		{F3DC72C6-48DB-41E4-9318-5EFC607D8C9A}.Debug|Any CPU.ActiveCfg = Debug|Any CPU
		{F3DC72C6-48DB-41E4-9318-5EFC607D8C9A}.Debug|Any CPU.Build.0 = Debug|Any CPU
		{F3DC72C6-48DB-41E4-9318-5EFC607D8C9A}.Release|Any CPU.ActiveCfg = Release|Any CPU
		{F3DC72C6-48DB-41E4-9318-5EFC607D8C9A}.Release|Any CPU.Build.0 = Release|Any CPU
	EndGlobalSection
	GlobalSection(SolutionProperties) = preSolution
		HideSolutionNode = FALSE
	EndGlobalSection
	GlobalSection(ExtensibilityGlobals) = postSolution
		SolutionGuid = {B321E1D4-9DAD-43C5-B426-7DDDA10A4C50}
	EndGlobalSection
EndGlobal
